Microsoft Visual Studio Solution File, Format Version 11.00
# Visual Studio 2008

Project("{0BBF2472-D1DB-2B38-5013-EA1365226BB5}") = "AssetBundleSystem", "Assembly-CSharp-firstpass.csproj", "{52F0A069-106D-BECF-FC21-3B33F846DBC4}"
EndProject
Project("{0BBF2472-D1DB-2B38-5013-EA1365226BB5}") = "AssetBundleSystem", "Assembly-CSharp.csproj", "{0F09C75F-4421-B156-A98F-E035C4170522}"
EndProject
Project("{0BBF2472-D1DB-2B38-5013-EA1365226BB5}") = "AssetBundleSystem", "Assembly-CSharp-Editor.csproj", "{60154915-DD5F-7DD2-77C1-AE1E8B655A82}"
EndProject
Project("{0BBF2472-D1DB-2B38-5013-EA1365226BB5}") = "AssetBundleSystem", "Assembly-UnityScript-firstpass.unityproj", "{29693342-99D3-A002-9EDE-B69FDCD360EA}"
EndProject
Project("{0BBF2472-D1DB-2B38-5013-EA1365226BB5}") = "AssetBundleSystem", "Assembly-UnityScript.unityproj", "{08670E59-B67F-3466-8E78-E84F3BC2DF7F}"
EndProject
Project("{0BBF2472-D1DB-2B38-5013-EA1365226BB5}") = "AssetBundleSystem", "Assembly-UnityScript-Editor-firstpass.unityproj", "{A3A34456-2F60-4497-384C-E4B1794737BA}"
EndProject
Project("{0BBF2472-D1DB-2B38-5013-EA1365226BB5}") = "AssetBundleSystem", "Assembly-UnityScript-Editor.unityproj", "{04C2D856-1A3C-CFCC-4E78-CB291495ADA3}"
EndProject
Global
	GlobalSection(SolutionConfigurationPlatforms) = preSolution
		Debug|Any CPU = Debug|Any CPU
		Release|Any CPU = Release|Any CPU
	EndGlobalSection
	GlobalSection(ProjectConfigurationPlatforms) = postSolution
		{52F0A069-106D-BECF-FC21-3B33F846DBC4}.Debug|Any CPU.ActiveCfg = Debug|Any CPU
		{52F0A069-106D-BECF-FC21-3B33F846DBC4}.Debug|Any CPU.Build.0 = Debug|Any CPU
		{52F0A069-106D-BECF-FC21-3B33F846DBC4}.Release|Any CPU.ActiveCfg = Release|Any CPU
		{52F0A069-106D-BECF-FC21-3B33F846DBC4}.Release|Any CPU.Build.0 = Release|Any CPU
		{0F09C75F-4421-B156-A98F-E035C4170522}.Debug|Any CPU.ActiveCfg = Debug|Any CPU
		{0F09C75F-4421-B156-A98F-E035C4170522}.Debug|Any CPU.Build.0 = Debug|Any CPU
		{0F09C75F-4421-B156-A98F-E035C4170522}.Release|Any CPU.ActiveCfg = Release|Any CPU
		{0F09C75F-4421-B156-A98F-E035C4170522}.Release|Any CPU.Build.0 = Release|Any CPU
		{60154915-DD5F-7DD2-77C1-AE1E8B655A82}.Debug|Any CPU.ActiveCfg = Debug|Any CPU
		{60154915-DD5F-7DD2-77C1-AE1E8B655A82}.Debug|Any CPU.Build.0 = Debug|Any CPU
		{60154915-DD5F-7DD2-77C1-AE1E8B655A82}.Release|Any CPU.ActiveCfg = Release|Any CPU
		{60154915-DD5F-7DD2-77C1-AE1E8B655A82}.Release|Any CPU.Build.0 = Release|Any CPU
		{29693342-99D3-A002-9EDE-B69FDCD360EA}.Debug|Any CPU.ActiveCfg = Debug|Any CPU
		{29693342-99D3-A002-9EDE-B69FDCD360EA}.Debug|Any CPU.Build.0 = Debug|Any CPU
		{29693342-99D3-A002-9EDE-B69FDCD360EA}.Release|Any CPU.ActiveCfg = Release|Any CPU
		{29693342-99D3-A002-9EDE-B69FDCD360EA}.Release|Any CPU.Build.0 = Release|Any CPU
		{08670E59-B67F-3466-8E78-E84F3BC2DF7F}.Debug|Any CPU.ActiveCfg = Debug|Any CPU
		{08670E59-B67F-3466-8E78-E84F3BC2DF7F}.Debug|Any CPU.Build.0 = Debug|Any CPU
		{08670E59-B67F-3466-8E78-E84F3BC2DF7F}.Release|Any CPU.ActiveCfg = Release|Any CPU
		{08670E59-B67F-3466-8E78-E84F3BC2DF7F}.Release|Any CPU.Build.0 = Release|Any CPU
		{A3A34456-2F60-4497-384C-E4B1794737BA}.Debug|Any CPU.ActiveCfg = Debug|Any CPU
		{A3A34456-2F60-4497-384C-E4B1794737BA}.Debug|Any CPU.Build.0 = Debug|Any CPU
		{A3A34456-2F60-4497-384C-E4B1794737BA}.Release|Any CPU.ActiveCfg = Release|Any CPU
		{A3A34456-2F60-4497-384C-E4B1794737BA}.Release|Any CPU.Build.0 = Release|Any CPU
		{04C2D856-1A3C-CFCC-4E78-CB291495ADA3}.Debug|Any CPU.ActiveCfg = Debug|Any CPU
		{04C2D856-1A3C-CFCC-4E78-CB291495ADA3}.Debug|Any CPU.Build.0 = Debug|Any CPU
		{04C2D856-1A3C-CFCC-4E78-CB291495ADA3}.Release|Any CPU.ActiveCfg = Release|Any CPU
		{04C2D856-1A3C-CFCC-4E78-CB291495ADA3}.Release|Any CPU.Build.0 = Release|Any CPU
	EndGlobalSection
	GlobalSection(SolutionProperties) = preSolution
		HideSolutionNode = FALSE
	EndGlobalSection
																						GlobalSection(MonoDevelopProperties) = preSolution
		StartupItem = Assembly-CSharp.csproj
		Policies = $0
		$0.TextStylePolicy = $1
		$1.inheritsSet = null
		$1.scope = text/x-csharp
		$0.CSharpFormattingPolicy = $2
		$2.inheritsSet = Mono
		$2.inheritsScope = text/x-csharp
		$2.scope = text/x-csharp
		$0.TextStylePolicy = $3
		$3.FileWidth = 120
		$3.TabWidth = 4
		$3.EolMarker = Unix
		$3.inheritsSet = Mono
		$3.inheritsScope = text/plain
		$3.scope = text/plain
	EndGlobalSection

EndGlobal
