Microsoft Visual Studio Solution File, Format Version 11.00
# Visual Studio 2008

Project("{6F086A71-6101-7548-3B99-30566A0493F1}") = "InGameGizmo", "Assembly-CSharp.csproj", "{B79ED15E-A0F5-F852-7A3D-CA0AD9294728}"
EndProject
Global
	GlobalSection(SolutionConfigurationPlatforms) = preSolution
		Debug|Any CPU = Debug|Any CPU
		Release|Any CPU = Release|Any CPU
	EndGlobalSection
	GlobalSection(ProjectConfigurationPlatforms) = postSolution
		{B79ED15E-A0F5-F852-7A3D-CA0AD9294728}.Debug|Any CPU.ActiveCfg = Debug|Any CPU
		{B79ED15E-A0F5-F852-7A3D-CA0AD9294728}.Debug|Any CPU.Build.0 = Debug|Any CPU
		{B79ED15E-A0F5-F852-7A3D-CA0AD9294728}.Release|Any CPU.ActiveCfg = Release|Any CPU
		{B79ED15E-A0F5-F852-7A3D-CA0AD9294728}.Release|Any CPU.Build.0 = Release|Any CPU
	EndGlobalSection
	GlobalSection(SolutionProperties) = preSolution
		HideSolutionNode = FALSE
	EndGlobalSection
								GlobalSection(MonoDevelopProperties) = preSolution
		StartupItem = Assembly-CSharp.csproj
		Policies = $0
		$0.TextStylePolicy = $1
		$1.inheritsSet = null
		$1.scope = text/x-csharp
		$0.CSharpFormattingPolicy = $2
		$2.inheritsSet = Mono
		$2.inheritsScope = text/x-csharp
		$2.scope = text/x-csharp
		$0.TextStylePolicy = $3
		$3.FileWidth = 120
		$3.TabWidth = 4
		$3.EolMarker = Unix
		$3.inheritsSet = Mono
		$3.inheritsScope = text/plain
		$3.scope = text/plain
	EndGlobalSection

EndGlobal
